// !$*UTF8*$!
{
	archiveVersion = 1;
	classes = {
	};
	objectVersion = 50;
	objects = {

/* Begin PBXBuildFile section */
		5345851B2406B10600298D4F /* DataModel.xcdatamodeld in Sources */ = {isa = PBXBuildFile; fileRef = 534585192406B10600298D4F /* DataModel.xcdatamodeld */; };
		5361A84C240809DE00C3C16E /* SceneDelegate.swift in Sources */ = {isa = PBXBuildFile; fileRef = 5361A84B240809DE00C3C16E /* SceneDelegate.swift */; };
		5366D8332408111D0003D33F /* CategoryViewController.swift in Sources */ = {isa = PBXBuildFile; fileRef = 5366D8322408111D0003D33F /* CategoryViewController.swift */; };
		539AE20823FA505A003F891E /* AppDelegate.swift in Sources */ = {isa = PBXBuildFile; fileRef = 539AE20723FA505A003F891E /* AppDelegate.swift */; };
		539AE20C23FA505A003F891E /* TodoListViewController.swift in Sources */ = {isa = PBXBuildFile; fileRef = 539AE20B23FA505A003F891E /* TodoListViewController.swift */; };
		539AE20F23FA505A003F891E /* Main.storyboard in Resources */ = {isa = PBXBuildFile; fileRef = 539AE20D23FA505A003F891E /* Main.storyboard */; };
		539AE21123FA505B003F891E /* Assets.xcassets in Resources */ = {isa = PBXBuildFile; fileRef = 539AE21023FA505B003F891E /* Assets.xcassets */; };
		539AE21423FA505B003F891E /* LaunchScreen.storyboard in Resources */ = {isa = PBXBuildFile; fileRef = 539AE21223FA505B003F891E /* LaunchScreen.storyboard */; };
		C54C15EB8033E82A6DD670B9 /* Pods_Todoey1.framework in Frameworks */ = {isa = PBXBuildFile; fileRef = 66D3A53743F78C5E9167B0F2 /* Pods_Todoey1.framework */; };
/* End PBXBuildFile section */

/* Begin PBXFileReference section */
		3E5F5EC599F8B8A6CCECFEDF /* Pods-Todoey1.release.xcconfig */ = {isa = PBXFileReference; includeInIndex = 1; lastKnownFileType = text.xcconfig; name = "Pods-Todoey1.release.xcconfig"; path = "Target Support Files/Pods-Todoey1/Pods-Todoey1.release.xcconfig"; sourceTree = "<group>"; };
		5345851A2406B10600298D4F /* DataModel.xcdatamodel */ = {isa = PBXFileReference; lastKnownFileType = wrapper.xcdatamodel; path = DataModel.xcdatamodel; sourceTree = "<group>"; };
		5361A84B240809DE00C3C16E /* SceneDelegate.swift */ = {isa = PBXFileReference; fileEncoding = 4; lastKnownFileType = sourcecode.swift; path = SceneDelegate.swift; sourceTree = "<group>"; };
		5366D8322408111D0003D33F /* CategoryViewController.swift */ = {isa = PBXFileReference; lastKnownFileType = sourcecode.swift; path = CategoryViewController.swift; sourceTree = "<group>"; };
		539AE20423FA505A003F891E /* Todoey1.app */ = {isa = PBXFileReference; explicitFileType = wrapper.application; includeInIndex = 0; path = Todoey1.app; sourceTree = BUILT_PRODUCTS_DIR; };
		539AE20723FA505A003F891E /* AppDelegate.swift */ = {isa = PBXFileReference; lastKnownFileType = sourcecode.swift; path = AppDelegate.swift; sourceTree = "<group>"; };
		539AE20B23FA505A003F891E /* TodoListViewController.swift */ = {isa = PBXFileReference; lastKnownFileType = sourcecode.swift; path = TodoListViewController.swift; sourceTree = "<group>"; };
		539AE20E23FA505A003F891E /* Base */ = {isa = PBXFileReference; lastKnownFileType = file.storyboard; name = Base; path = Base.lproj/Main.storyboard; sourceTree = "<group>"; };
		539AE21023FA505B003F891E /* Assets.xcassets */ = {isa = PBXFileReference; lastKnownFileType = folder.assetcatalog; path = Assets.xcassets; sourceTree = "<group>"; };
		539AE21323FA505B003F891E /* Base */ = {isa = PBXFileReference; lastKnownFileType = file.storyboard; name = Base; path = Base.lproj/LaunchScreen.storyboard; sourceTree = "<group>"; };
		539AE21523FA505B003F891E /* Info.plist */ = {isa = PBXFileReference; lastKnownFileType = text.plist.xml; path = Info.plist; sourceTree = "<group>"; };
		66D3A53743F78C5E9167B0F2 /* Pods_Todoey1.framework */ = {isa = PBXFileReference; explicitFileType = wrapper.framework; includeInIndex = 0; path = Pods_Todoey1.framework; sourceTree = BUILT_PRODUCTS_DIR; };
		C686B3EC633503CA220EACFF /* Pods-Todoey1.debug.xcconfig */ = {isa = PBXFileReference; includeInIndex = 1; lastKnownFileType = text.xcconfig; name = "Pods-Todoey1.debug.xcconfig"; path = "Target Support Files/Pods-Todoey1/Pods-Todoey1.debug.xcconfig"; sourceTree = "<group>"; };
/* End PBXFileReference section */

/* Begin PBXFrameworksBuildPhase section */
		539AE20123FA505A003F891E /* Frameworks */ = {
			isa = PBXFrameworksBuildPhase;
			buildActionMask = 2147483647;
			files = (
				C54C15EB8033E82A6DD670B9 /* Pods_Todoey1.framework in Frameworks */,
			);
			runOnlyForDeploymentPostprocessing = 0;
		};
/* End PBXFrameworksBuildPhase section */

/* Begin PBXGroup section */
		331A05A3DE002C9189183108 /* Frameworks */ = {
			isa = PBXGroup;
			children = (
				66D3A53743F78C5E9167B0F2 /* Pods_Todoey1.framework */,
			);
			name = Frameworks;
			sourceTree = "<group>";
		};
		539AE1FB23FA505A003F891E = {
			isa = PBXGroup;
			children = (
				539AE20623FA505A003F891E /* Todoey1 */,
				539AE20523FA505A003F891E /* Products */,
				C3967E92F0AA8091FE45B224 /* Pods */,
				331A05A3DE002C9189183108 /* Frameworks */,
			);
			sourceTree = "<group>";
		};
		539AE20523FA505A003F891E /* Products */ = {
			isa = PBXGroup;
			children = (
				539AE20423FA505A003F891E /* Todoey1.app */,
			);
			name = Products;
			sourceTree = "<group>";
		};
		539AE20623FA505A003F891E /* Todoey1 */ = {
			isa = PBXGroup;
			children = (
				539AE20723FA505A003F891E /* AppDelegate.swift */,
				5361A84B240809DE00C3C16E /* SceneDelegate.swift */,
				539AE21F23FA9671003F891E /* Controllers */,
				539AE21E23FA9653003F891E /* Data Model */,
				539AE22023FA968C003F891E /* Views */,
				539AE22123FA96A3003F891E /* Supporting Files */,
				539AE21523FA505B003F891E /* Info.plist */,
			);
			path = Todoey1;
			sourceTree = "<group>";
		};
		539AE21E23FA9653003F891E /* Data Model */ = {
			isa = PBXGroup;
			children = (
				534585192406B10600298D4F /* DataModel.xcdatamodeld */,
			);
			path = "Data Model";
			sourceTree = "<group>";
		};
		539AE21F23FA9671003F891E /* Controllers */ = {
			isa = PBXGroup;
			children = (
				5366D8322408111D0003D33F /* CategoryViewController.swift */,
				539AE20B23FA505A003F891E /* TodoListViewController.swift */,
			);
			path = Controllers;
			sourceTree = "<group>";
		};
		539AE22023FA968C003F891E /* Views */ = {
			isa = PBXGroup;
			children = (
				539AE20D23FA505A003F891E /* Main.storyboard */,
			);
			path = Views;
			sourceTree = "<group>";
		};
		539AE22123FA96A3003F891E /* Supporting Files */ = {
			isa = PBXGroup;
			children = (
				539AE21023FA505B003F891E /* Assets.xcassets */,
				539AE21223FA505B003F891E /* LaunchScreen.storyboard */,
			);
			path = "Supporting Files";
			sourceTree = "<group>";
		};
		C3967E92F0AA8091FE45B224 /* Pods */ = {
			isa = PBXGroup;
			children = (
				C686B3EC633503CA220EACFF /* Pods-Todoey1.debug.xcconfig */,
				3E5F5EC599F8B8A6CCECFEDF /* Pods-Todoey1.release.xcconfig */,
			);
			name = Pods;
			path = Pods;
			sourceTree = "<group>";
		};
/* End PBXGroup section */

/* Begin PBXNativeTarget section */
		539AE20323FA505A003F891E /* Todoey1 */ = {
			isa = PBXNativeTarget;
			buildConfigurationList = 539AE21823FA505B003F891E /* Build configuration list for PBXNativeTarget "Todoey1" */;
			buildPhases = (
				5921214169991720F8A887A9 /* [CP] Check Pods Manifest.lock */,
				539AE20023FA505A003F891E /* Sources */,
				539AE20123FA505A003F891E /* Frameworks */,
				539AE20223FA505A003F891E /* Resources */,
				31ABADB0BA8B11A361E751EA /* [CP] Embed Pods Frameworks */,
			);
			buildRules = (
			);
			dependencies = (
			);
			name = Todoey1;
			productName = Todoey1;
			productReference = 539AE20423FA505A003F891E /* Todoey1.app */;
			productType = "com.apple.product-type.application";
		};
/* End PBXNativeTarget section */

/* Begin PBXProject section */
		539AE1FC23FA505A003F891E /* Project object */ = {
			isa = PBXProject;
			attributes = {
				LastSwiftUpdateCheck = 1130;
				LastUpgradeCheck = 1130;
				ORGANIZATIONNAME = "nabin giri";
				TargetAttributes = {
					539AE20323FA505A003F891E = {
						CreatedOnToolsVersion = 11.3.1;
					};
				};
			};
			buildConfigurationList = 539AE1FF23FA505A003F891E /* Build configuration list for PBXProject "Todoey1" */;
			compatibilityVersion = "Xcode 9.3";
			developmentRegion = en;
			hasScannedForEncodings = 0;
			knownRegions = (
				en,
				Base,
			);
			mainGroup = 539AE1FB23FA505A003F891E;
			productRefGroup = 539AE20523FA505A003F891E /* Products */;
			projectDirPath = "";
			projectRoot = "";
			targets = (
				539AE20323FA505A003F891E /* Todoey1 */,
			);
		};
/* End PBXProject section */

/* Begin PBXResourcesBuildPhase section */
		539AE20223FA505A003F891E /* Resources */ = {
			isa = PBXResourcesBuildPhase;
			buildActionMask = 2147483647;
			files = (
				539AE21423FA505B003F891E /* LaunchScreen.storyboard in Resources */,
				539AE21123FA505B003F891E /* Assets.xcassets in Resources */,
				539AE20F23FA505A003F891E /* Main.storyboard in Resources */,
			);
			runOnlyForDeploymentPostprocessing = 0;
		};
/* End PBXResourcesBuildPhase section */

/* Begin PBXShellScriptBuildPhase section */
		31ABADB0BA8B11A361E751EA /* [CP] Embed Pods Frameworks */ = {
			isa = PBXShellScriptBuildPhase;
			buildActionMask = 2147483647;
			files = (
			);
			inputFileListPaths = (
				"${PODS_ROOT}/Target Support Files/Pods-Todoey1/Pods-Todoey1-frameworks-${CONFIGURATION}-input-files.xcfilelist",
			);
			name = "[CP] Embed Pods Frameworks";
			outputFileListPaths = (
				"${PODS_ROOT}/Target Support Files/Pods-Todoey1/Pods-Todoey1-frameworks-${CONFIGURATION}-output-files.xcfilelist",
			);
			runOnlyForDeploymentPostprocessing = 0;
			shellPath = /bin/sh;
			shellScript = "\"${PODS_ROOT}/Target Support Files/Pods-Todoey1/Pods-Todoey1-frameworks.sh\"\n";
			showEnvVarsInLog = 0;
		};
		5921214169991720F8A887A9 /* [CP] Check Pods Manifest.lock */ = {
			isa = PBXShellScriptBuildPhase;
			buildActionMask = 2147483647;
			files = (
			);
			inputFileListPaths = (
			);
			inputPaths = (
				"${PODS_PODFILE_DIR_PATH}/Podfile.lock",
				"${PODS_ROOT}/Manifest.lock",
			);
			name = "[CP] Check Pods Manifest.lock";
			outputFileListPaths = (
			);
			outputPaths = (
				"$(DERIVED_FILE_DIR)/Pods-Todoey1-checkManifestLockResult.txt",
			);
			runOnlyForDeploymentPostprocessing = 0;
			shellPath = /bin/sh;
			shellScript = "diff \"${PODS_PODFILE_DIR_PATH}/Podfile.lock\" \"${PODS_ROOT}/Manifest.lock\" > /dev/null\nif [ $? != 0 ] ; then\n    # print error to STDERR\n    echo \"error: The sandbox is not in sync with the Podfile.lock. Run 'pod install' or update your CocoaPods installation.\" >&2\n    exit 1\nfi\n# This output is used by Xcode 'outputs' to avoid re-running this script phase.\necho \"SUCCESS\" > \"${SCRIPT_OUTPUT_FILE_0}\"\n";
			showEnvVarsInLog = 0;
		};
/* End PBXShellScriptBuildPhase section */

/* Begin PBXSourcesBuildPhase section */
		539AE20023FA505A003F891E /* Sources */ = {
			isa = PBXSourcesBuildPhase;
			buildActionMask = 2147483647;
			files = (
				5366D8332408111D0003D33F /* CategoryViewController.swift in Sources */,
				5345851B2406B10600298D4F /* DataModel.xcdatamodeld in Sources */,
				539AE20C23FA505A003F891E /* TodoListViewController.swift in Sources */,
				539AE20823FA505A003F891E /* AppDelegate.swift in Sources */,
				5361A84C240809DE00C3C16E /* SceneDelegate.swift in Sources */,
			);
			runOnlyForDeploymentPostprocessing = 0;
		};
/* End PBXSourcesBuildPhase section */

/* Begin PBXVariantGroup section */
		539AE20D23FA505A003F891E /* Main.storyboard */ = {
			isa = PBXVariantGroup;
			children = (
				539AE20E23FA505A003F891E /* Base */,
			);
			name = Main.storyboard;
			sourceTree = "<group>";
		};
		539AE21223FA505B003F891E /* LaunchScreen.storyboard */ = {
			isa = PBXVariantGroup;
			children = (
				539AE21323FA505B003F891E /* Base */,
			);
			name = LaunchScreen.storyboard;
			sourceTree = "<group>";
		};
/* End PBXVariantGroup section */

/* Begin XCBuildConfiguration section */
		539AE21623FA505B003F891E /* Debug */ = {
			isa = XCBuildConfiguration;
			buildSettings = {
				ALWAYS_SEARCH_USER_PATHS = NO;
				CLANG_ANALYZER_NONNULL = YES;
				CLANG_ANALYZER_NUMBER_OBJECT_CONVERSION = YES_AGGRESSIVE;
				CLANG_CXX_LANGUAGE_STANDARD = "gnu++14";
				CLANG_CXX_LIBRARY = "libc++";
				CLANG_ENABLE_MODULES = YES;
				CLANG_ENABLE_OBJC_ARC = YES;
				CLANG_ENABLE_OBJC_WEAK = YES;
				CLANG_WARN_BLOCK_CAPTURE_AUTORELEASING = YES;
				CLANG_WARN_BOOL_CONVERSION = YES;
				CLANG_WARN_COMMA = YES;
				CLANG_WARN_CONSTANT_CONVERSION = YES;
				CLANG_WARN_DEPRECATED_OBJC_IMPLEMENTATIONS = YES;
				CLANG_WARN_DIRECT_OBJC_ISA_USAGE = YES_ERROR;
				CLANG_WARN_DOCUMENTATION_COMMENTS = YES;
				CLANG_WARN_EMPTY_BODY = YES;
				CLANG_WARN_ENUM_CONVERSION = YES;
				CLANG_WARN_INFINITE_RECURSION = YES;
				CLANG_WARN_INT_CONVERSION = YES;
				CLANG_WARN_NON_LITERAL_NULL_CONVERSION = YES;
				CLANG_WARN_OBJC_IMPLICIT_RETAIN_SELF = YES;
				CLANG_WARN_OBJC_LITERAL_CONVERSION = YES;
				CLANG_WARN_OBJC_ROOT_CLASS = YES_ERROR;
				CLANG_WARN_RANGE_LOOP_ANALYSIS = YES;
				CLANG_WARN_STRICT_PROTOTYPES = YES;
				CLANG_WARN_SUSPICIOUS_MOVE = YES;
				CLANG_WARN_UNGUARDED_AVAILABILITY = YES_AGGRESSIVE;
				CLANG_WARN_UNREACHABLE_CODE = YES;
				CLANG_WARN__DUPLICATE_METHOD_MATCH = YES;
				COPY_PHASE_STRIP = NO;
				DEBUG_INFORMATION_FORMAT = dwarf;
				ENABLE_STRICT_OBJC_MSGSEND = YES;
				ENABLE_TESTABILITY = YES;
				GCC_C_LANGUAGE_STANDARD = gnu11;
				GCC_DYNAMIC_NO_PIC = NO;
				GCC_NO_COMMON_BLOCKS = YES;
				GCC_OPTIMIZATION_LEVEL = 0;
				GCC_PREPROCESSOR_DEFINITIONS = (
					"DEBUG=1",
					"$(inherited)",
				);
				GCC_WARN_64_TO_32_BIT_CONVERSION = YES;
				GCC_WARN_ABOUT_RETURN_TYPE = YES_ERROR;
				GCC_WARN_UNDECLARED_SELECTOR = YES;
				GCC_WARN_UNINITIALIZED_AUTOS = YES_AGGRESSIVE;
				GCC_WARN_UNUSED_FUNCTION = YES;
				GCC_WARN_UNUSED_VARIABLE = YES;
				IPHONEOS_DEPLOYMENT_TARGET = 13.2;
				MTL_ENABLE_DEBUG_INFO = INCLUDE_SOURCE;
				MTL_FAST_MATH = YES;
				ONLY_ACTIVE_ARCH = YES;
				SDKROOT = iphoneos;
				SWIFT_ACTIVE_COMPILATION_CONDITIONS = DEBUG;
				SWIFT_OPTIMIZATION_LEVEL = "-Onone";
			};
			name = Debug;
		};
		539AE21723FA505B003F891E /* Release */ = {
			isa = XCBuildConfiguration;
			buildSettings = {
				ALWAYS_SEARCH_USER_PATHS = NO;
				CLANG_ANALYZER_NONNULL = YES;
				CLANG_ANALYZER_NUMBER_OBJECT_CONVERSION = YES_AGGRESSIVE;
				CLANG_CXX_LANGUAGE_STANDARD = "gnu++14";
				CLANG_CXX_LIBRARY = "libc++";
				CLANG_ENABLE_MODULES = YES;
				CLANG_ENABLE_OBJC_ARC = YES;
				CLANG_ENABLE_OBJC_WEAK = YES;
				CLANG_WARN_BLOCK_CAPTURE_AUTORELEASING = YES;
				CLANG_WARN_BOOL_CONVERSION = YES;
				CLANG_WARN_COMMA = YES;
				CLANG_WARN_CONSTANT_CONVERSION = YES;
				CLANG_WARN_DEPRECATED_OBJC_IMPLEMENTATIONS = YES;
				CLANG_WARN_DIRECT_OBJC_ISA_USAGE = YES_ERROR;
				CLANG_WARN_DOCUMENTATION_COMMENTS = YES;
				CLANG_WARN_EMPTY_BODY = YES;
				CLANG_WARN_ENUM_CONVERSION = YES;
				CLANG_WARN_INFINITE_RECURSION = YES;
				CLANG_WARN_INT_CONVERSION = YES;
				CLANG_WARN_NON_LITERAL_NULL_CONVERSION = YES;
				CLANG_WARN_OBJC_IMPLICIT_RETAIN_SELF = YES;
				CLANG_WARN_OBJC_LITERAL_CONVERSION = YES;
				CLANG_WARN_OBJC_ROOT_CLASS = YES_ERROR;
				CLANG_WARN_RANGE_LOOP_ANALYSIS = YES;
				CLANG_WARN_STRICT_PROTOTYPES = YES;
				CLANG_WARN_SUSPICIOUS_MOVE = YES;
				CLANG_WARN_UNGUARDED_AVAILABILITY = YES_AGGRESSIVE;
				CLANG_WARN_UNREACHABLE_CODE = YES;
				CLANG_WARN__DUPLICATE_METHOD_MATCH = YES;
				COPY_PHASE_STRIP = NO;
				DEBUG_INFORMATION_FORMAT = "dwarf-with-dsym";
				ENABLE_NS_ASSERTIONS = NO;
				ENABLE_STRICT_OBJC_MSGSEND = YES;
				GCC_C_LANGUAGE_STANDARD = gnu11;
				GCC_NO_COMMON_BLOCKS = YES;
				GCC_WARN_64_TO_32_BIT_CONVERSION = YES;
				GCC_WARN_ABOUT_RETURN_TYPE = YES_ERROR;
				GCC_WARN_UNDECLARED_SELECTOR = YES;
				GCC_WARN_UNINITIALIZED_AUTOS = YES_AGGRESSIVE;
				GCC_WARN_UNUSED_FUNCTION = YES;
				GCC_WARN_UNUSED_VARIABLE = YES;
				IPHONEOS_DEPLOYMENT_TARGET = 13.2;
				MTL_ENABLE_DEBUG_INFO = NO;
				MTL_FAST_MATH = YES;
				SDKROOT = iphoneos;
				SWIFT_COMPILATION_MODE = wholemodule;
				SWIFT_OPTIMIZATION_LEVEL = "-O";
				VALIDATE_PRODUCT = YES;
			};
			name = Release;
		};
		539AE21923FA505B003F891E /* Debug */ = {
			isa = XCBuildConfiguration;
			baseConfigurationReference = C686B3EC633503CA220EACFF /* Pods-Todoey1.debug.xcconfig */;
			buildSettings = {
				ASSETCATALOG_COMPILER_APPICON_NAME = AppIcon;
				CODE_SIGN_STYLE = Manual;
				DEVELOPMENT_TEAM = "";
				INFOPLIST_FILE = Todoey1/Info.plist;
				LD_RUNPATH_SEARCH_PATHS = (
					"$(inherited)",
					"@executable_path/Frameworks",
				);
				PRODUCT_BUNDLE_IDENTIFIER = com.test.nabin.Todoey1;
				PRODUCT_NAME = "$(TARGET_NAME)";
				PROVISIONING_PROFILE_SPECIFIER = "";
				SWIFT_VERSION = 5.0;
				TARGETED_DEVICE_FAMILY = "1,2";
			};
			name = Debug;
		};
		539AE21A23FA505B003F891E /* Release */ = {
			isa = XCBuildConfiguration;
			baseConfigurationReference = 3E5F5EC599F8B8A6CCECFEDF /* Pods-Todoey1.release.xcconfig */;
			buildSettings = {
				ASSETCATALOG_COMPILER_APPICON_NAME = AppIcon;
				CODE_SIGN_STYLE = Manual;
				DEVELOPMENT_TEAM = "";
				INFOPLIST_FILE = Todoey1/Info.plist;
				LD_RUNPATH_SEARCH_PATHS = (
					"$(inherited)",
					"@executable_path/Frameworks",
				);
				PRODUCT_BUNDLE_IDENTIFIER = com.test.nabin.Todoey1;
				PRODUCT_NAME = "$(TARGET_NAME)";
				PROVISIONING_PROFILE_SPECIFIER = "";
				SWIFT_VERSION = 5.0;
				TARGETED_DEVICE_FAMILY = "1,2";
			};
			name = Release;
		};
/* End XCBuildConfiguration section */

/* Begin XCConfigurationList section */
		539AE1FF23FA505A003F891E /* Build configuration list for PBXProject "Todoey1" */ = {
			isa = XCConfigurationList;
			buildConfigurations = (
				539AE21623FA505B003F891E /* Debug */,
				539AE21723FA505B003F891E /* Release */,
			);
			defaultConfigurationIsVisible = 0;
			defaultConfigurationName = Release;
		};
		539AE21823FA505B003F891E /* Build configuration list for PBXNativeTarget "Todoey1" */ = {
			isa = XCConfigurationList;
			buildConfigurations = (
				539AE21923FA505B003F891E /* Debug */,
				539AE21A23FA505B003F891E /* Release */,
			);
			defaultConfigurationIsVisible = 0;
			defaultConfigurationName = Release;
		};
/* End XCConfigurationList section */

/* Begin XCVersionGroup section */
		534585192406B10600298D4F /* DataModel.xcdatamodeld */ = {
			isa = XCVersionGroup;
			children = (
				5345851A2406B10600298D4F /* DataModel.xcdatamodel */,
			);
			currentVersion = 5345851A2406B10600298D4F /* DataModel.xcdatamodel */;
			path = DataModel.xcdatamodeld;
			sourceTree = "<group>";
			versionGroupType = wrapper.xcdatamodel;
		};
/* End XCVersionGroup section */
	};
	rootObject = 539AE1FC23FA505A003F891E /* Project object */;
}
